<Solution>
  <Project Path="Bai02/Bai02.csproj" Id="0384f68f-8903-4588-bc76-46d8f04096b3" />
  <Project Path="Bai03/Bai03.csproj" Id="c47135a9-0d22-4751-a612-ca9195842efc" />
  <Project Path="Bai04/Bai04.csproj" Id="ede785e3-feaa-4b00-a713-4e5f9bb4a18c" />
  <Project Path="BaiThucHanhBuoi1/Bai01.csproj" Id="2cfb8fd2-bbb9-4294-91d3-94d612ed8ddf" />
</Solution>
